
Microsoft Visual Studio Solution File, Format Version 12.00
# Visual Studio 15
Project("{FAE04EC0-301F-11D3-BF4B-00C04F79EFBC}") = "Assembly-CSharp", "Assembly-CSharp.csproj", "{EFC4657C-704B-8A82-9D84-9A456DBE1F38}"
EndProject
Project("{FAE04EC0-301F-11D3-BF4B-00C04F79EFBC}") = "Assembly-CSharp-firstpass", "Assembly-CSharp-firstpass.csproj", "{14B7782D-7387-EE4E-BAFD-BCE6C0F3B37F}"
EndProject
Project("{FAE04EC0-301F-11D3-BF4B-00C04F79EFBC}") = "Assembly-CSharp-Editor-firstpass", "Assembly-CSharp-Editor-firstpass.csproj", "{FE26038C-81A1-82FD-E8C5-130CBEBD7B2F}"
EndProject
Global
	GlobalSection(SolutionConfigurationPlatforms) = preSolution
		Debug|Any CPU = Debug|Any CPU
		Release|Any CPU = Release|Any CPU
	EndGlobalSection
	GlobalSection(ProjectConfigurationPlatforms) = postSolution
		{EFC4657C-704B-8A82-9D84-9A456DBE1F38}.Debug|Any CPU.ActiveCfg = Debug|Any CPU
		{EFC4657C-704B-8A82-9D84-9A456DBE1F38}.Debug|Any CPU.Build.0 = Debug|Any CPU
		{EFC4657C-704B-8A82-9D84-9A456DBE1F38}.Release|Any CPU.ActiveCfg = Release|Any CPU
		{EFC4657C-704B-8A82-9D84-9A456DBE1F38}.Release|Any CPU.Build.0 = Release|Any CPU
		{14B7782D-7387-EE4E-BAFD-BCE6C0F3B37F}.Debug|Any CPU.ActiveCfg = Debug|Any CPU
		{14B7782D-7387-EE4E-BAFD-BCE6C0F3B37F}.Debug|Any CPU.Build.0 = Debug|Any CPU
		{14B7782D-7387-EE4E-BAFD-BCE6C0F3B37F}.Release|Any CPU.ActiveCfg = Release|Any CPU
		{14B7782D-7387-EE4E-BAFD-BCE6C0F3B37F}.Release|Any CPU.Build.0 = Release|Any CPU
		{FE26038C-81A1-82FD-E8C5-130CBEBD7B2F}.Debug|Any CPU.ActiveCfg = Debug|Any CPU
		{FE26038C-81A1-82FD-E8C5-130CBEBD7B2F}.Debug|Any CPU.Build.0 = Debug|Any CPU
		{FE26038C-81A1-82FD-E8C5-130CBEBD7B2F}.Release|Any CPU.ActiveCfg = Release|Any CPU
		{FE26038C-81A1-82FD-E8C5-130CBEBD7B2F}.Release|Any CPU.Build.0 = Release|Any CPU
	EndGlobalSection
	GlobalSection(SolutionProperties) = preSolution
		HideSolutionNode = FALSE
	EndGlobalSection
EndGlobal
